PODS:
  - Alamofire (5.0.0-rc.3)
  - AlamofireSoap (0.1.3):
    - Alamofire (~> 5.0.0-rc.2)
  - SWXMLHash (5.0.1)

DEPENDENCIES:
  - AlamofireSoap
  - SWXMLHash

SPEC REPOS:
  trunk:
    - Alamofire
    - AlamofireSoap
    - SWXMLHash

SPEC CHECKSUMS:
  Alamofire: ca8c0de6906873be89d6deec5c8de279e00bf872
  AlamofireSoap: 3ff94d1b9a9dccc6fde075c8f5ee1986b78a0c23
  SWXMLHash: 9cc0c2e4807926c74377724aa8722ee5707a0485

PODFILE CHECKSUM: e10f32680af267ffb4974bfbd3067e6644e84db7

COCOAPODS: 1.8.4
