// !$*UTF8*$!
{
	archiveVersion = 1;
	classes = {
	};
	objectVersion = 50;
	objects = {

/* Begin PBXBuildFile section */
		4E755C3F4CFE4793FE1364D9 /* libPods-SharesBrokeringClient-SharesBrokeringClientUITests.a in Frameworks */ = {isa = PBXBuildFile; fileRef = 5035E59D37C51333F8585E36 /* libPods-SharesBrokeringClient-SharesBrokeringClientUITests.a */; };
		6E2DDC5723D6293500FF10DA /* StockPopup.swift in Sources */ = {isa = PBXBuildFile; fileRef = 6E2DDC5623D6293500FF10DA /* StockPopup.swift */; };
		6E2DDC5923D6297F00FF10DA /* BoughtSharePopup.swift in Sources */ = {isa = PBXBuildFile; fileRef = 6E2DDC5823D6297F00FF10DA /* BoughtSharePopup.swift */; };
		6E2DDC5B23D6298F00FF10DA /* ChangePasswordPopup.swift in Sources */ = {isa = PBXBuildFile; fileRef = 6E2DDC5A23D6298F00FF10DA /* ChangePasswordPopup.swift */; };
		6E48D84423D4DE5E00A22720 /* AppDelegate.swift in Sources */ = {isa = PBXBuildFile; fileRef = 6E48D84323D4DE5E00A22720 /* AppDelegate.swift */; };
		6E48D84623D4DE5E00A22720 /* SceneDelegate.swift in Sources */ = {isa = PBXBuildFile; fileRef = 6E48D84523D4DE5E00A22720 /* SceneDelegate.swift */; };
		6E48D84823D4DE5E00A22720 /* MainScreen.swift in Sources */ = {isa = PBXBuildFile; fileRef = 6E48D84723D4DE5E00A22720 /* MainScreen.swift */; };
		6E48D84A23D4DE5E00A22720 /* AccountSharesScreen.swift in Sources */ = {isa = PBXBuildFile; fileRef = 6E48D84923D4DE5E00A22720 /* AccountSharesScreen.swift */; };
		6E48D84D23D4DE5E00A22720 /* Main.storyboard in Resources */ = {isa = PBXBuildFile; fileRef = 6E48D84B23D4DE5E00A22720 /* Main.storyboard */; };
		6E48D84F23D4DE6000A22720 /* Assets.xcassets in Resources */ = {isa = PBXBuildFile; fileRef = 6E48D84E23D4DE6000A22720 /* Assets.xcassets */; };
		6E48D85223D4DE6000A22720 /* LaunchScreen.storyboard in Resources */ = {isa = PBXBuildFile; fileRef = 6E48D85023D4DE6000A22720 /* LaunchScreen.storyboard */; };
		6E48D85D23D4DE6000A22720 /* SharesBrokeringClientTests.swift in Sources */ = {isa = PBXBuildFile; fileRef = 6E48D85C23D4DE6000A22720 /* SharesBrokeringClientTests.swift */; };
		6E48D86823D4DE6000A22720 /* SharesBrokeringClientUITests.swift in Sources */ = {isa = PBXBuildFile; fileRef = 6E48D86723D4DE6000A22720 /* SharesBrokeringClientUITests.swift */; };
		6E48D87823D4E21D00A22720 /* LoginScreen.swift in Sources */ = {isa = PBXBuildFile; fileRef = 6E48D87723D4E21D00A22720 /* LoginScreen.swift */; };
		6E48D87A23D4E2B800A22720 /* AccountSettingsScreen.swift in Sources */ = {isa = PBXBuildFile; fileRef = 6E48D87923D4E2B800A22720 /* AccountSettingsScreen.swift */; };
		6E48D87C23D4E30F00A22720 /* TabbedViewController.swift in Sources */ = {isa = PBXBuildFile; fileRef = 6E48D87B23D4E30F00A22720 /* TabbedViewController.swift */; };
		6E495BD623D51668005B5071 /* WSClient.swift in Sources */ = {isa = PBXBuildFile; fileRef = 6E495BD523D51668005B5071 /* WSClient.swift */; };
		6E53DDE923D67E0200CC222C /* AdminAccountsScreen.swift in Sources */ = {isa = PBXBuildFile; fileRef = 6E53DDE823D67E0200CC222C /* AdminAccountsScreen.swift */; };
		6E53DDEB23D67E1000CC222C /* AdminStocksScreen.swift in Sources */ = {isa = PBXBuildFile; fileRef = 6E53DDEA23D67E1000CC222C /* AdminStocksScreen.swift */; };
		6E53DDED23D6830A00CC222C /* EditAccountPopup.swift in Sources */ = {isa = PBXBuildFile; fileRef = 6E53DDEC23D6830A00CC222C /* EditAccountPopup.swift */; };
		6E53DDEF23D6831500CC222C /* EditStockPopup.swift in Sources */ = {isa = PBXBuildFile; fileRef = 6E53DDEE23D6831500CC222C /* EditStockPopup.swift */; };
		6E547DB823D5CB7C00836C1A /* Account.swift in Sources */ = {isa = PBXBuildFile; fileRef = 6E547DB723D5CB7C00836C1A /* Account.swift */; };
		6E547DBA23D5CBB300836C1A /* BoughtStock.swift in Sources */ = {isa = PBXBuildFile; fileRef = 6E547DB923D5CBB300836C1A /* BoughtStock.swift */; };
		6E547DBE23D5E2C000836C1A /* CreateAccountScreen.swift in Sources */ = {isa = PBXBuildFile; fileRef = 6E547DBD23D5E2C000836C1A /* CreateAccountScreen.swift */; };
		6E547DC023D5FC8900836C1A /* Stock.swift in Sources */ = {isa = PBXBuildFile; fileRef = 6E547DBF23D5FC8900836C1A /* Stock.swift */; };
		6E547DC223D5FC9200836C1A /* Price.swift in Sources */ = {isa = PBXBuildFile; fileRef = 6E547DC123D5FC9200836C1A /* Price.swift */; };
		6EB8082E23D74F50009C3ECA /* CriteriaPickerPopup.swift in Sources */ = {isa = PBXBuildFile; fileRef = 6EB8082D23D74F50009C3ECA /* CriteriaPickerPopup.swift */; };
		6EB8083123D78772009C3ECA /* StockCell.swift in Sources */ = {isa = PBXBuildFile; fileRef = 6EB8083023D78772009C3ECA /* StockCell.swift */; };
		C4A3A863DA337B9802E2A507 /* libPods-SharesBrokeringClientTests.a in Frameworks */ = {isa = PBXBuildFile; fileRef = 0FAFE16F8AF1519068AC7F22 /* libPods-SharesBrokeringClientTests.a */; };
		F1DB6EAD7B5C01127F9F09C0 /* libPods-SharesBrokeringClient.a in Frameworks */ = {isa = PBXBuildFile; fileRef = 4F1D9CF3D281F75AF38386D9 /* libPods-SharesBrokeringClient.a */; };
/* End PBXBuildFile section */

/* Begin PBXContainerItemProxy section */
		6E48D85923D4DE6000A22720 /* PBXContainerItemProxy */ = {
			isa = PBXContainerItemProxy;
			containerPortal = 6E48D83823D4DE5E00A22720 /* Project object */;
			proxyType = 1;
			remoteGlobalIDString = 6E48D83F23D4DE5E00A22720;
			remoteInfo = SharesBrokeringClient;
		};
		6E48D86423D4DE6000A22720 /* PBXContainerItemProxy */ = {
			isa = PBXContainerItemProxy;
			containerPortal = 6E48D83823D4DE5E00A22720 /* Project object */;
			proxyType = 1;
			remoteGlobalIDString = 6E48D83F23D4DE5E00A22720;
			remoteInfo = SharesBrokeringClient;
		};
/* End PBXContainerItemProxy section */

/* Begin PBXFileReference section */
		0FAFE16F8AF1519068AC7F22 /* libPods-SharesBrokeringClientTests.a */ = {isa = PBXFileReference; explicitFileType = archive.ar; includeInIndex = 0; path = "libPods-SharesBrokeringClientTests.a"; sourceTree = BUILT_PRODUCTS_DIR; };
		220B7B519E60535C07342766 /* Pods-SharesBrokeringClient.release.xcconfig */ = {isa = PBXFileReference; includeInIndex = 1; lastKnownFileType = text.xcconfig; name = "Pods-SharesBrokeringClient.release.xcconfig"; path = "Target Support Files/Pods-SharesBrokeringClient/Pods-SharesBrokeringClient.release.xcconfig"; sourceTree = "<group>"; };
		4F1D9CF3D281F75AF38386D9 /* libPods-SharesBrokeringClient.a */ = {isa = PBXFileReference; explicitFileType = archive.ar; includeInIndex = 0; path = "libPods-SharesBrokeringClient.a"; sourceTree = BUILT_PRODUCTS_DIR; };
		5035E59D37C51333F8585E36 /* libPods-SharesBrokeringClient-SharesBrokeringClientUITests.a */ = {isa = PBXFileReference; explicitFileType = archive.ar; includeInIndex = 0; path = "libPods-SharesBrokeringClient-SharesBrokeringClientUITests.a"; sourceTree = BUILT_PRODUCTS_DIR; };
		6AB119C58F2FDDEA13309F4F /* Pods-SharesBrokeringClient.debug.xcconfig */ = {isa = PBXFileReference; includeInIndex = 1; lastKnownFileType = text.xcconfig; name = "Pods-SharesBrokeringClient.debug.xcconfig"; path = "Target Support Files/Pods-SharesBrokeringClient/Pods-SharesBrokeringClient.debug.xcconfig"; sourceTree = "<group>"; };
		6E2DDC5623D6293500FF10DA /* StockPopup.swift */ = {isa = PBXFileReference; lastKnownFileType = sourcecode.swift; path = StockPopup.swift; sourceTree = "<group>"; };
		6E2DDC5823D6297F00FF10DA /* BoughtSharePopup.swift */ = {isa = PBXFileReference; lastKnownFileType = sourcecode.swift; path = BoughtSharePopup.swift; sourceTree = "<group>"; };
		6E2DDC5A23D6298F00FF10DA /* ChangePasswordPopup.swift */ = {isa = PBXFileReference; lastKnownFileType = sourcecode.swift; path = ChangePasswordPopup.swift; sourceTree = "<group>"; };
		6E48D84023D4DE5E00A22720 /* SharesBrokeringClient.app */ = {isa = PBXFileReference; explicitFileType = wrapper.application; includeInIndex = 0; path = SharesBrokeringClient.app; sourceTree = BUILT_PRODUCTS_DIR; };
		6E48D84323D4DE5E00A22720 /* AppDelegate.swift */ = {isa = PBXFileReference; lastKnownFileType = sourcecode.swift; path = AppDelegate.swift; sourceTree = "<group>"; };
		6E48D84523D4DE5E00A22720 /* SceneDelegate.swift */ = {isa = PBXFileReference; lastKnownFileType = sourcecode.swift; path = SceneDelegate.swift; sourceTree = "<group>"; };
		6E48D84723D4DE5E00A22720 /* MainScreen.swift */ = {isa = PBXFileReference; lastKnownFileType = sourcecode.swift; path = MainScreen.swift; sourceTree = "<group>"; };
		6E48D84923D4DE5E00A22720 /* AccountSharesScreen.swift */ = {isa = PBXFileReference; lastKnownFileType = sourcecode.swift; path = AccountSharesScreen.swift; sourceTree = "<group>"; };
		6E48D84C23D4DE5E00A22720 /* Base */ = {isa = PBXFileReference; lastKnownFileType = file.storyboard; name = Base; path = Base.lproj/Main.storyboard; sourceTree = "<group>"; };
		6E48D84E23D4DE6000A22720 /* Assets.xcassets */ = {isa = PBXFileReference; lastKnownFileType = folder.assetcatalog; path = Assets.xcassets; sourceTree = "<group>"; };
		6E48D85123D4DE6000A22720 /* Base */ = {isa = PBXFileReference; lastKnownFileType = file.storyboard; name = Base; path = Base.lproj/LaunchScreen.storyboard; sourceTree = "<group>"; };
		6E48D85323D4DE6000A22720 /* Info.plist */ = {isa = PBXFileReference; lastKnownFileType = text.plist.xml; path = Info.plist; sourceTree = "<group>"; };
		6E48D85823D4DE6000A22720 /* SharesBrokeringClientTests.xctest */ = {isa = PBXFileReference; explicitFileType = wrapper.cfbundle; includeInIndex = 0; path = SharesBrokeringClientTests.xctest; sourceTree = BUILT_PRODUCTS_DIR; };
		6E48D85C23D4DE6000A22720 /* SharesBrokeringClientTests.swift */ = {isa = PBXFileReference; lastKnownFileType = sourcecode.swift; path = SharesBrokeringClientTests.swift; sourceTree = "<group>"; };
		6E48D85E23D4DE6000A22720 /* Info.plist */ = {isa = PBXFileReference; lastKnownFileType = text.plist.xml; path = Info.plist; sourceTree = "<group>"; };
		6E48D86323D4DE6000A22720 /* SharesBrokeringClientUITests.xctest */ = {isa = PBXFileReference; explicitFileType = wrapper.cfbundle; includeInIndex = 0; path = SharesBrokeringClientUITests.xctest; sourceTree = BUILT_PRODUCTS_DIR; };
		6E48D86723D4DE6000A22720 /* SharesBrokeringClientUITests.swift */ = {isa = PBXFileReference; lastKnownFileType = sourcecode.swift; path = SharesBrokeringClientUITests.swift; sourceTree = "<group>"; };
		6E48D86923D4DE6000A22720 /* Info.plist */ = {isa = PBXFileReference; lastKnownFileType = text.plist.xml; path = Info.plist; sourceTree = "<group>"; };
		6E48D87723D4E21D00A22720 /* LoginScreen.swift */ = {isa = PBXFileReference; lastKnownFileType = sourcecode.swift; path = LoginScreen.swift; sourceTree = "<group>"; };
		6E48D87923D4E2B800A22720 /* AccountSettingsScreen.swift */ = {isa = PBXFileReference; lastKnownFileType = sourcecode.swift; path = AccountSettingsScreen.swift; sourceTree = "<group>"; };
		6E48D87B23D4E30F00A22720 /* TabbedViewController.swift */ = {isa = PBXFileReference; lastKnownFileType = sourcecode.swift; path = TabbedViewController.swift; sourceTree = "<group>"; };
		6E495BD523D51668005B5071 /* WSClient.swift */ = {isa = PBXFileReference; lastKnownFileType = sourcecode.swift; path = WSClient.swift; sourceTree = "<group>"; };
		6E53DDE823D67E0200CC222C /* AdminAccountsScreen.swift */ = {isa = PBXFileReference; lastKnownFileType = sourcecode.swift; path = AdminAccountsScreen.swift; sourceTree = "<group>"; };
		6E53DDEA23D67E1000CC222C /* AdminStocksScreen.swift */ = {isa = PBXFileReference; lastKnownFileType = sourcecode.swift; path = AdminStocksScreen.swift; sourceTree = "<group>"; };
		6E53DDEC23D6830A00CC222C /* EditAccountPopup.swift */ = {isa = PBXFileReference; lastKnownFileType = sourcecode.swift; path = EditAccountPopup.swift; sourceTree = "<group>"; };
		6E53DDEE23D6831500CC222C /* EditStockPopup.swift */ = {isa = PBXFileReference; lastKnownFileType = sourcecode.swift; path = EditStockPopup.swift; sourceTree = "<group>"; };
		6E547DB723D5CB7C00836C1A /* Account.swift */ = {isa = PBXFileReference; lastKnownFileType = sourcecode.swift; path = Account.swift; sourceTree = "<group>"; };
		6E547DB923D5CBB300836C1A /* BoughtStock.swift */ = {isa = PBXFileReference; lastKnownFileType = sourcecode.swift; path = BoughtStock.swift; sourceTree = "<group>"; };
		6E547DBD23D5E2C000836C1A /* CreateAccountScreen.swift */ = {isa = PBXFileReference; lastKnownFileType = sourcecode.swift; path = CreateAccountScreen.swift; sourceTree = "<group>"; };
		6E547DBF23D5FC8900836C1A /* Stock.swift */ = {isa = PBXFileReference; lastKnownFileType = sourcecode.swift; path = Stock.swift; sourceTree = "<group>"; };
		6E547DC123D5FC9200836C1A /* Price.swift */ = {isa = PBXFileReference; lastKnownFileType = sourcecode.swift; path = Price.swift; sourceTree = "<group>"; };
		6EB8082D23D74F50009C3ECA /* CriteriaPickerPopup.swift */ = {isa = PBXFileReference; lastKnownFileType = sourcecode.swift; path = CriteriaPickerPopup.swift; sourceTree = "<group>"; };
		6EB8083023D78772009C3ECA /* StockCell.swift */ = {isa = PBXFileReference; lastKnownFileType = sourcecode.swift; path = StockCell.swift; sourceTree = "<group>"; };
		7F3C7804174694555D0B6C03 /* Pods-SharesBrokeringClient-SharesBrokeringClientUITests.release.xcconfig */ = {isa = PBXFileReference; includeInIndex = 1; lastKnownFileType = text.xcconfig; name = "Pods-SharesBrokeringClient-SharesBrokeringClientUITests.release.xcconfig"; path = "Target Support Files/Pods-SharesBrokeringClient-SharesBrokeringClientUITests/Pods-SharesBrokeringClient-SharesBrokeringClientUITests.release.xcconfig"; sourceTree = "<group>"; };
		A37A838838EBA0994B9D9E65 /* Pods-SharesBrokeringClient-SharesBrokeringClientUITests.debug.xcconfig */ = {isa = PBXFileReference; includeInIndex = 1; lastKnownFileType = text.xcconfig; name = "Pods-SharesBrokeringClient-SharesBrokeringClientUITests.debug.xcconfig"; path = "Target Support Files/Pods-SharesBrokeringClient-SharesBrokeringClientUITests/Pods-SharesBrokeringClient-SharesBrokeringClientUITests.debug.xcconfig"; sourceTree = "<group>"; };
		B96C7F97ECA08DC425FA3F8B /* Pods-SharesBrokeringClientTests.release.xcconfig */ = {isa = PBXFileReference; includeInIndex = 1; lastKnownFileType = text.xcconfig; name = "Pods-SharesBrokeringClientTests.release.xcconfig"; path = "Target Support Files/Pods-SharesBrokeringClientTests/Pods-SharesBrokeringClientTests.release.xcconfig"; sourceTree = "<group>"; };
		EF68689007E9EC8B81411D76 /* Pods-SharesBrokeringClientTests.debug.xcconfig */ = {isa = PBXFileReference; includeInIndex = 1; lastKnownFileType = text.xcconfig; name = "Pods-SharesBrokeringClientTests.debug.xcconfig"; path = "Target Support Files/Pods-SharesBrokeringClientTests/Pods-SharesBrokeringClientTests.debug.xcconfig"; sourceTree = "<group>"; };
/* End PBXFileReference section */

/* Begin PBXFrameworksBuildPhase section */
		6E48D83D23D4DE5E00A22720 /* Frameworks */ = {
			isa = PBXFrameworksBuildPhase;
			buildActionMask = 2147483647;
			files = (
				F1DB6EAD7B5C01127F9F09C0 /* libPods-SharesBrokeringClient.a in Frameworks */,
			);
			runOnlyForDeploymentPostprocessing = 0;
		};
		6E48D85523D4DE6000A22720 /* Frameworks */ = {
			isa = PBXFrameworksBuildPhase;
			buildActionMask = 2147483647;
			files = (
				C4A3A863DA337B9802E2A507 /* libPods-SharesBrokeringClientTests.a in Frameworks */,
			);
			runOnlyForDeploymentPostprocessing = 0;
		};
		6E48D86023D4DE6000A22720 /* Frameworks */ = {
			isa = PBXFrameworksBuildPhase;
			buildActionMask = 2147483647;
			files = (
				4E755C3F4CFE4793FE1364D9 /* libPods-SharesBrokeringClient-SharesBrokeringClientUITests.a in Frameworks */,
			);
			runOnlyForDeploymentPostprocessing = 0;
		};
/* End PBXFrameworksBuildPhase section */

/* Begin PBXGroup section */
		6E2DDC5323D6288C00FF10DA /* Popups */ = {
			isa = PBXGroup;
			children = (
				6E2DDC5623D6293500FF10DA /* StockPopup.swift */,
				6E2DDC5823D6297F00FF10DA /* BoughtSharePopup.swift */,
				6E2DDC5A23D6298F00FF10DA /* ChangePasswordPopup.swift */,
				6E53DDEC23D6830A00CC222C /* EditAccountPopup.swift */,
				6E53DDEE23D6831500CC222C /* EditStockPopup.swift */,
				6EB8082D23D74F50009C3ECA /* CriteriaPickerPopup.swift */,
			);
			path = Popups;
			sourceTree = "<group>";
		};
		6E2DDC5423D6289500FF10DA /* ViewControllers */ = {
			isa = PBXGroup;
			children = (
				6E48D87723D4E21D00A22720 /* LoginScreen.swift */,
				6E547DBD23D5E2C000836C1A /* CreateAccountScreen.swift */,
				6E48D87B23D4E30F00A22720 /* TabbedViewController.swift */,
				6E48D84723D4DE5E00A22720 /* MainScreen.swift */,
				6E48D84923D4DE5E00A22720 /* AccountSharesScreen.swift */,
				6E48D87923D4E2B800A22720 /* AccountSettingsScreen.swift */,
				6E53DDE823D67E0200CC222C /* AdminAccountsScreen.swift */,
				6E53DDEA23D67E1000CC222C /* AdminStocksScreen.swift */,
			);
			path = ViewControllers;
			sourceTree = "<group>";
		};
		6E2DDC5523D6289F00FF10DA /* DataClasses */ = {
			isa = PBXGroup;
			children = (
				6E547DB723D5CB7C00836C1A /* Account.swift */,
				6E547DB923D5CBB300836C1A /* BoughtStock.swift */,
				6E547DBF23D5FC8900836C1A /* Stock.swift */,
				6E547DC123D5FC9200836C1A /* Price.swift */,
			);
			path = DataClasses;
			sourceTree = "<group>";
		};
		6E48D83723D4DE5E00A22720 = {
			isa = PBXGroup;
			children = (
				6E48D84223D4DE5E00A22720 /* SharesBrokeringClient */,
				6E48D85B23D4DE6000A22720 /* SharesBrokeringClientTests */,
				6E48D86623D4DE6000A22720 /* SharesBrokeringClientUITests */,
				6E48D84123D4DE5E00A22720 /* Products */,
				FB89F22292BCD0A63360DD68 /* Pods */,
				E4A6EA2CE4ECAABE0B74F747 /* Frameworks */,
			);
			sourceTree = "<group>";
		};
		6E48D84123D4DE5E00A22720 /* Products */ = {
			isa = PBXGroup;
			children = (
				6E48D84023D4DE5E00A22720 /* SharesBrokeringClient.app */,
				6E48D85823D4DE6000A22720 /* SharesBrokeringClientTests.xctest */,
				6E48D86323D4DE6000A22720 /* SharesBrokeringClientUITests.xctest */,
			);
			name = Products;
			sourceTree = "<group>";
		};
		6E48D84223D4DE5E00A22720 /* SharesBrokeringClient */ = {
			isa = PBXGroup;
			children = (
				6EB8082F23D78754009C3ECA /* TableCells */,
				6E2DDC5523D6289F00FF10DA /* DataClasses */,
				6E2DDC5423D6289500FF10DA /* ViewControllers */,
				6E2DDC5323D6288C00FF10DA /* Popups */,
				6E495BD523D51668005B5071 /* WSClient.swift */,
				6E48D84323D4DE5E00A22720 /* AppDelegate.swift */,
				6E48D84523D4DE5E00A22720 /* SceneDelegate.swift */,
				6E48D84B23D4DE5E00A22720 /* Main.storyboard */,
				6E48D84E23D4DE6000A22720 /* Assets.xcassets */,
				6E48D85023D4DE6000A22720 /* LaunchScreen.storyboard */,
				6E48D85323D4DE6000A22720 /* Info.plist */,
			);
			path = SharesBrokeringClient;
			sourceTree = "<group>";
		};
		6E48D85B23D4DE6000A22720 /* SharesBrokeringClientTests */ = {
			isa = PBXGroup;
			children = (
				6E48D85C23D4DE6000A22720 /* SharesBrokeringClientTests.swift */,
				6E48D85E23D4DE6000A22720 /* Info.plist */,
			);
			path = SharesBrokeringClientTests;
			sourceTree = "<group>";
		};
		6E48D86623D4DE6000A22720 /* SharesBrokeringClientUITests */ = {
			isa = PBXGroup;
			children = (
				6E48D86723D4DE6000A22720 /* SharesBrokeringClientUITests.swift */,
				6E48D86923D4DE6000A22720 /* Info.plist */,
			);
			path = SharesBrokeringClientUITests;
			sourceTree = "<group>";
		};
		6EB8082F23D78754009C3ECA /* TableCells */ = {
			isa = PBXGroup;
			children = (
				6EB8083023D78772009C3ECA /* StockCell.swift */,
			);
			path = TableCells;
			sourceTree = "<group>";
		};
		E4A6EA2CE4ECAABE0B74F747 /* Frameworks */ = {
			isa = PBXGroup;
			children = (
				4F1D9CF3D281F75AF38386D9 /* libPods-SharesBrokeringClient.a */,
				5035E59D37C51333F8585E36 /* libPods-SharesBrokeringClient-SharesBrokeringClientUITests.a */,
				0FAFE16F8AF1519068AC7F22 /* libPods-SharesBrokeringClientTests.a */,
			);
			name = Frameworks;
			sourceTree = "<group>";
		};
		FB89F22292BCD0A63360DD68 /* Pods */ = {
			isa = PBXGroup;
			children = (
				6AB119C58F2FDDEA13309F4F /* Pods-SharesBrokeringClient.debug.xcconfig */,
				220B7B519E60535C07342766 /* Pods-SharesBrokeringClient.release.xcconfig */,
				A37A838838EBA0994B9D9E65 /* Pods-SharesBrokeringClient-SharesBrokeringClientUITests.debug.xcconfig */,
				7F3C7804174694555D0B6C03 /* Pods-SharesBrokeringClient-SharesBrokeringClientUITests.release.xcconfig */,
				EF68689007E9EC8B81411D76 /* Pods-SharesBrokeringClientTests.debug.xcconfig */,
				B96C7F97ECA08DC425FA3F8B /* Pods-SharesBrokeringClientTests.release.xcconfig */,
			);
			path = Pods;
			sourceTree = "<group>";
		};
/* End PBXGroup section */

/* Begin PBXNativeTarget section */
		6E48D83F23D4DE5E00A22720 /* SharesBrokeringClient */ = {
			isa = PBXNativeTarget;
			buildConfigurationList = 6E48D86C23D4DE6000A22720 /* Build configuration list for PBXNativeTarget "SharesBrokeringClient" */;
			buildPhases = (
				F29B2A7A9E60049F18EF1FD1 /* [CP] Check Pods Manifest.lock */,
				6E48D83C23D4DE5E00A22720 /* Sources */,
				6E48D83D23D4DE5E00A22720 /* Frameworks */,
				6E48D83E23D4DE5E00A22720 /* Resources */,
			);
			buildRules = (
			);
			dependencies = (
			);
			name = SharesBrokeringClient;
			productName = SharesBrokeringClient;
			productReference = 6E48D84023D4DE5E00A22720 /* SharesBrokeringClient.app */;
			productType = "com.apple.product-type.application";
		};
		6E48D85723D4DE6000A22720 /* SharesBrokeringClientTests */ = {
			isa = PBXNativeTarget;
			buildConfigurationList = 6E48D86F23D4DE6000A22720 /* Build configuration list for PBXNativeTarget "SharesBrokeringClientTests" */;
			buildPhases = (
				65DE6BF3428A64496B31C117 /* [CP] Check Pods Manifest.lock */,
				6E48D85423D4DE6000A22720 /* Sources */,
				6E48D85523D4DE6000A22720 /* Frameworks */,
				6E48D85623D4DE6000A22720 /* Resources */,
			);
			buildRules = (
			);
			dependencies = (
				6E48D85A23D4DE6000A22720 /* PBXTargetDependency */,
			);
			name = SharesBrokeringClientTests;
			productName = SharesBrokeringClientTests;
			productReference = 6E48D85823D4DE6000A22720 /* SharesBrokeringClientTests.xctest */;
			productType = "com.apple.product-type.bundle.unit-test";
		};
		6E48D86223D4DE6000A22720 /* SharesBrokeringClientUITests */ = {
			isa = PBXNativeTarget;
			buildConfigurationList = 6E48D87223D4DE6000A22720 /* Build configuration list for PBXNativeTarget "SharesBrokeringClientUITests" */;
			buildPhases = (
				031E0F783AB652198DE2E4CA /* [CP] Check Pods Manifest.lock */,
				6E48D85F23D4DE6000A22720 /* Sources */,
				6E48D86023D4DE6000A22720 /* Frameworks */,
				6E48D86123D4DE6000A22720 /* Resources */,
			);
			buildRules = (
			);
			dependencies = (
				6E48D86523D4DE6000A22720 /* PBXTargetDependency */,
			);
			name = SharesBrokeringClientUITests;
			productName = SharesBrokeringClientUITests;
			productReference = 6E48D86323D4DE6000A22720 /* SharesBrokeringClientUITests.xctest */;
			productType = "com.apple.product-type.bundle.ui-testing";
		};
/* End PBXNativeTarget section */

/* Begin PBXProject section */
		6E48D83823D4DE5E00A22720 /* Project object */ = {
			isa = PBXProject;
			attributes = {
				LastSwiftUpdateCheck = 1120;
				LastUpgradeCheck = 1120;
				ORGANIZATIONNAME = "Kristijan Zrno";
				TargetAttributes = {
					6E48D83F23D4DE5E00A22720 = {
						CreatedOnToolsVersion = 11.2.1;
					};
					6E48D85723D4DE6000A22720 = {
						CreatedOnToolsVersion = 11.2.1;
						TestTargetID = 6E48D83F23D4DE5E00A22720;
					};
					6E48D86223D4DE6000A22720 = {
						CreatedOnToolsVersion = 11.2.1;
						TestTargetID = 6E48D83F23D4DE5E00A22720;
					};
				};
			};
			buildConfigurationList = 6E48D83B23D4DE5E00A22720 /* Build configuration list for PBXProject "SharesBrokeringClient" */;
			compatibilityVersion = "Xcode 9.3";
			developmentRegion = en;
			hasScannedForEncodings = 0;
			knownRegions = (
				en,
				Base,
			);
			mainGroup = 6E48D83723D4DE5E00A22720;
			productRefGroup = 6E48D84123D4DE5E00A22720 /* Products */;
			projectDirPath = "";
			projectRoot = "";
			targets = (
				6E48D83F23D4DE5E00A22720 /* SharesBrokeringClient */,
				6E48D85723D4DE6000A22720 /* SharesBrokeringClientTests */,
				6E48D86223D4DE6000A22720 /* SharesBrokeringClientUITests */,
			);
		};
/* End PBXProject section */

/* Begin PBXResourcesBuildPhase section */
		6E48D83E23D4DE5E00A22720 /* Resources */ = {
			isa = PBXResourcesBuildPhase;
			buildActionMask = 2147483647;
			files = (
				6E48D85223D4DE6000A22720 /* LaunchScreen.storyboard in Resources */,
				6E48D84F23D4DE6000A22720 /* Assets.xcassets in Resources */,
				6E48D84D23D4DE5E00A22720 /* Main.storyboard in Resources */,
			);
			runOnlyForDeploymentPostprocessing = 0;
		};
		6E48D85623D4DE6000A22720 /* Resources */ = {
			isa = PBXResourcesBuildPhase;
			buildActionMask = 2147483647;
			files = (
			);
			runOnlyForDeploymentPostprocessing = 0;
		};
		6E48D86123D4DE6000A22720 /* Resources */ = {
			isa = PBXResourcesBuildPhase;
			buildActionMask = 2147483647;
			files = (
			);
			runOnlyForDeploymentPostprocessing = 0;
		};
/* End PBXResourcesBuildPhase section */

/* Begin PBXShellScriptBuildPhase section */
		031E0F783AB652198DE2E4CA /* [CP] Check Pods Manifest.lock */ = {
			isa = PBXShellScriptBuildPhase;
			buildActionMask = 2147483647;
			files = (
			);
			inputFileListPaths = (
			);
			inputPaths = (
				"${PODS_PODFILE_DIR_PATH}/Podfile.lock",
				"${PODS_ROOT}/Manifest.lock",
			);
			name = "[CP] Check Pods Manifest.lock";
			outputFileListPaths = (
			);
			outputPaths = (
				"$(DERIVED_FILE_DIR)/Pods-SharesBrokeringClient-SharesBrokeringClientUITests-checkManifestLockResult.txt",
			);
			runOnlyForDeploymentPostprocessing = 0;
			shellPath = /bin/sh;
			shellScript = "diff \"${PODS_PODFILE_DIR_PATH}/Podfile.lock\" \"${PODS_ROOT}/Manifest.lock\" > /dev/null\nif [ $? != 0 ] ; then\n    # print error to STDERR\n    echo \"error: The sandbox is not in sync with the Podfile.lock. Run 'pod install' or update your CocoaPods installation.\" >&2\n    exit 1\nfi\n# This output is used by Xcode 'outputs' to avoid re-running this script phase.\necho \"SUCCESS\" > \"${SCRIPT_OUTPUT_FILE_0}\"\n";
			showEnvVarsInLog = 0;
		};
		65DE6BF3428A64496B31C117 /* [CP] Check Pods Manifest.lock */ = {
			isa = PBXShellScriptBuildPhase;
			buildActionMask = 2147483647;
			files = (
			);
			inputFileListPaths = (
			);
			inputPaths = (
				"${PODS_PODFILE_DIR_PATH}/Podfile.lock",
				"${PODS_ROOT}/Manifest.lock",
			);
			name = "[CP] Check Pods Manifest.lock";
			outputFileListPaths = (
			);
			outputPaths = (
				"$(DERIVED_FILE_DIR)/Pods-SharesBrokeringClientTests-checkManifestLockResult.txt",
			);
			runOnlyForDeploymentPostprocessing = 0;
			shellPath = /bin/sh;
			shellScript = "diff \"${PODS_PODFILE_DIR_PATH}/Podfile.lock\" \"${PODS_ROOT}/Manifest.lock\" > /dev/null\nif [ $? != 0 ] ; then\n    # print error to STDERR\n    echo \"error: The sandbox is not in sync with the Podfile.lock. Run 'pod install' or update your CocoaPods installation.\" >&2\n    exit 1\nfi\n# This output is used by Xcode 'outputs' to avoid re-running this script phase.\necho \"SUCCESS\" > \"${SCRIPT_OUTPUT_FILE_0}\"\n";
			showEnvVarsInLog = 0;
		};
		F29B2A7A9E60049F18EF1FD1 /* [CP] Check Pods Manifest.lock */ = {
			isa = PBXShellScriptBuildPhase;
			buildActionMask = 2147483647;
			files = (
			);
			inputFileListPaths = (
			);
			inputPaths = (
				"${PODS_PODFILE_DIR_PATH}/Podfile.lock",
				"${PODS_ROOT}/Manifest.lock",
			);
			name = "[CP] Check Pods Manifest.lock";
			outputFileListPaths = (
			);
			outputPaths = (
				"$(DERIVED_FILE_DIR)/Pods-SharesBrokeringClient-checkManifestLockResult.txt",
			);
			runOnlyForDeploymentPostprocessing = 0;
			shellPath = /bin/sh;
			shellScript = "diff \"${PODS_PODFILE_DIR_PATH}/Podfile.lock\" \"${PODS_ROOT}/Manifest.lock\" > /dev/null\nif [ $? != 0 ] ; then\n    # print error to STDERR\n    echo \"error: The sandbox is not in sync with the Podfile.lock. Run 'pod install' or update your CocoaPods installation.\" >&2\n    exit 1\nfi\n# This output is used by Xcode 'outputs' to avoid re-running this script phase.\necho \"SUCCESS\" > \"${SCRIPT_OUTPUT_FILE_0}\"\n";
			showEnvVarsInLog = 0;
		};
/* End PBXShellScriptBuildPhase section */

/* Begin PBXSourcesBuildPhase section */
		6E48D83C23D4DE5E00A22720 /* Sources */ = {
			isa = PBXSourcesBuildPhase;
			buildActionMask = 2147483647;
			files = (
				6E48D84A23D4DE5E00A22720 /* AccountSharesScreen.swift in Sources */,
				6E547DC223D5FC9200836C1A /* Price.swift in Sources */,
				6E48D87C23D4E30F00A22720 /* TabbedViewController.swift in Sources */,
				6E2DDC5923D6297F00FF10DA /* BoughtSharePopup.swift in Sources */,
				6EB8083123D78772009C3ECA /* StockCell.swift in Sources */,
				6E495BD623D51668005B5071 /* WSClient.swift in Sources */,
				6E48D84823D4DE5E00A22720 /* MainScreen.swift in Sources */,
				6E53DDEB23D67E1000CC222C /* AdminStocksScreen.swift in Sources */,
				6E547DC023D5FC8900836C1A /* Stock.swift in Sources */,
				6E48D87A23D4E2B800A22720 /* AccountSettingsScreen.swift in Sources */,
				6E53DDEF23D6831500CC222C /* EditStockPopup.swift in Sources */,
				6E2DDC5B23D6298F00FF10DA /* ChangePasswordPopup.swift in Sources */,
				6EB8082E23D74F50009C3ECA /* CriteriaPickerPopup.swift in Sources */,
				6E53DDE923D67E0200CC222C /* AdminAccountsScreen.swift in Sources */,
				6E547DBE23D5E2C000836C1A /* CreateAccountScreen.swift in Sources */,
				6E547DB823D5CB7C00836C1A /* Account.swift in Sources */,
				6E2DDC5723D6293500FF10DA /* StockPopup.swift in Sources */,
				6E48D84423D4DE5E00A22720 /* AppDelegate.swift in Sources */,
				6E53DDED23D6830A00CC222C /* EditAccountPopup.swift in Sources */,
				6E48D84623D4DE5E00A22720 /* SceneDelegate.swift in Sources */,
				6E48D87823D4E21D00A22720 /* LoginScreen.swift in Sources */,
				6E547DBA23D5CBB300836C1A /* BoughtStock.swift in Sources */,
			);
			runOnlyForDeploymentPostprocessing = 0;
		};
		6E48D85423D4DE6000A22720 /* Sources */ = {
			isa = PBXSourcesBuildPhase;
			buildActionMask = 2147483647;
			files = (
				6E48D85D23D4DE6000A22720 /* SharesBrokeringClientTests.swift in Sources */,
			);
			runOnlyForDeploymentPostprocessing = 0;
		};
		6E48D85F23D4DE6000A22720 /* Sources */ = {
			isa = PBXSourcesBuildPhase;
			buildActionMask = 2147483647;
			files = (
				6E48D86823D4DE6000A22720 /* SharesBrokeringClientUITests.swift in Sources */,
			);
			runOnlyForDeploymentPostprocessing = 0;
		};
/* End PBXSourcesBuildPhase section */

/* Begin PBXTargetDependency section */
		6E48D85A23D4DE6000A22720 /* PBXTargetDependency */ = {
			isa = PBXTargetDependency;
			target = 6E48D83F23D4DE5E00A22720 /* SharesBrokeringClient */;
			targetProxy = 6E48D85923D4DE6000A22720 /* PBXContainerItemProxy */;
		};
		6E48D86523D4DE6000A22720 /* PBXTargetDependency */ = {
			isa = PBXTargetDependency;
			target = 6E48D83F23D4DE5E00A22720 /* SharesBrokeringClient */;
			targetProxy = 6E48D86423D4DE6000A22720 /* PBXContainerItemProxy */;
		};
/* End PBXTargetDependency section */

/* Begin PBXVariantGroup section */
		6E48D84B23D4DE5E00A22720 /* Main.storyboard */ = {
			isa = PBXVariantGroup;
			children = (
				6E48D84C23D4DE5E00A22720 /* Base */,
			);
			name = Main.storyboard;
			sourceTree = "<group>";
		};
		6E48D85023D4DE6000A22720 /* LaunchScreen.storyboard */ = {
			isa = PBXVariantGroup;
			children = (
				6E48D85123D4DE6000A22720 /* Base */,
			);
			name = LaunchScreen.storyboard;
			sourceTree = "<group>";
		};
/* End PBXVariantGroup section */

/* Begin XCBuildConfiguration section */
		6E48D86A23D4DE6000A22720 /* Debug */ = {
			isa = XCBuildConfiguration;
			buildSettings = {
				ALWAYS_SEARCH_USER_PATHS = NO;
				CLANG_ANALYZER_NONNULL = YES;
				CLANG_ANALYZER_NUMBER_OBJECT_CONVERSION = YES_AGGRESSIVE;
				CLANG_CXX_LANGUAGE_STANDARD = "gnu++14";
				CLANG_CXX_LIBRARY = "libc++";
				CLANG_ENABLE_MODULES = YES;
				CLANG_ENABLE_OBJC_ARC = YES;
				CLANG_ENABLE_OBJC_WEAK = YES;
				CLANG_WARN_BLOCK_CAPTURE_AUTORELEASING = YES;
				CLANG_WARN_BOOL_CONVERSION = YES;
				CLANG_WARN_COMMA = YES;
				CLANG_WARN_CONSTANT_CONVERSION = YES;
				CLANG_WARN_DEPRECATED_OBJC_IMPLEMENTATIONS = YES;
				CLANG_WARN_DIRECT_OBJC_ISA_USAGE = YES_ERROR;
				CLANG_WARN_DOCUMENTATION_COMMENTS = YES;
				CLANG_WARN_EMPTY_BODY = YES;
				CLANG_WARN_ENUM_CONVERSION = YES;
				CLANG_WARN_INFINITE_RECURSION = YES;
				CLANG_WARN_INT_CONVERSION = YES;
				CLANG_WARN_NON_LITERAL_NULL_CONVERSION = YES;
				CLANG_WARN_OBJC_IMPLICIT_RETAIN_SELF = YES;
				CLANG_WARN_OBJC_LITERAL_CONVERSION = YES;
				CLANG_WARN_OBJC_ROOT_CLASS = YES_ERROR;
				CLANG_WARN_RANGE_LOOP_ANALYSIS = YES;
				CLANG_WARN_STRICT_PROTOTYPES = YES;
				CLANG_WARN_SUSPICIOUS_MOVE = YES;
				CLANG_WARN_UNGUARDED_AVAILABILITY = YES_AGGRESSIVE;
				CLANG_WARN_UNREACHABLE_CODE = YES;
				CLANG_WARN__DUPLICATE_METHOD_MATCH = YES;
				COPY_PHASE_STRIP = NO;
				DEBUG_INFORMATION_FORMAT = dwarf;
				ENABLE_STRICT_OBJC_MSGSEND = YES;
				ENABLE_TESTABILITY = YES;
				GCC_C_LANGUAGE_STANDARD = gnu11;
				GCC_DYNAMIC_NO_PIC = NO;
				GCC_NO_COMMON_BLOCKS = YES;
				GCC_OPTIMIZATION_LEVEL = 0;
				GCC_PREPROCESSOR_DEFINITIONS = (
					"DEBUG=1",
					"$(inherited)",
				);
				GCC_WARN_64_TO_32_BIT_CONVERSION = YES;
				GCC_WARN_ABOUT_RETURN_TYPE = YES_ERROR;
				GCC_WARN_UNDECLARED_SELECTOR = YES;
				GCC_WARN_UNINITIALIZED_AUTOS = YES_AGGRESSIVE;
				GCC_WARN_UNUSED_FUNCTION = YES;
				GCC_WARN_UNUSED_VARIABLE = YES;
				IPHONEOS_DEPLOYMENT_TARGET = 13.2;
				MTL_ENABLE_DEBUG_INFO = INCLUDE_SOURCE;
				MTL_FAST_MATH = YES;
				ONLY_ACTIVE_ARCH = YES;
				SDKROOT = iphoneos;
				SWIFT_ACTIVE_COMPILATION_CONDITIONS = DEBUG;
				SWIFT_OPTIMIZATION_LEVEL = "-Onone";
			};
			name = Debug;
		};
		6E48D86B23D4DE6000A22720 /* Release */ = {
			isa = XCBuildConfiguration;
			buildSettings = {
				ALWAYS_SEARCH_USER_PATHS = NO;
				CLANG_ANALYZER_NONNULL = YES;
				CLANG_ANALYZER_NUMBER_OBJECT_CONVERSION = YES_AGGRESSIVE;
				CLANG_CXX_LANGUAGE_STANDARD = "gnu++14";
				CLANG_CXX_LIBRARY = "libc++";
				CLANG_ENABLE_MODULES = YES;
				CLANG_ENABLE_OBJC_ARC = YES;
				CLANG_ENABLE_OBJC_WEAK = YES;
				CLANG_WARN_BLOCK_CAPTURE_AUTORELEASING = YES;
				CLANG_WARN_BOOL_CONVERSION = YES;
				CLANG_WARN_COMMA = YES;
				CLANG_WARN_CONSTANT_CONVERSION = YES;
				CLANG_WARN_DEPRECATED_OBJC_IMPLEMENTATIONS = YES;
				CLANG_WARN_DIRECT_OBJC_ISA_USAGE = YES_ERROR;
				CLANG_WARN_DOCUMENTATION_COMMENTS = YES;
				CLANG_WARN_EMPTY_BODY = YES;
				CLANG_WARN_ENUM_CONVERSION = YES;
				CLANG_WARN_INFINITE_RECURSION = YES;
				CLANG_WARN_INT_CONVERSION = YES;
				CLANG_WARN_NON_LITERAL_NULL_CONVERSION = YES;
				CLANG_WARN_OBJC_IMPLICIT_RETAIN_SELF = YES;
				CLANG_WARN_OBJC_LITERAL_CONVERSION = YES;
				CLANG_WARN_OBJC_ROOT_CLASS = YES_ERROR;
				CLANG_WARN_RANGE_LOOP_ANALYSIS = YES;
				CLANG_WARN_STRICT_PROTOTYPES = YES;
				CLANG_WARN_SUSPICIOUS_MOVE = YES;
				CLANG_WARN_UNGUARDED_AVAILABILITY = YES_AGGRESSIVE;
				CLANG_WARN_UNREACHABLE_CODE = YES;
				CLANG_WARN__DUPLICATE_METHOD_MATCH = YES;
				COPY_PHASE_STRIP = NO;
				DEBUG_INFORMATION_FORMAT = "dwarf-with-dsym";
				ENABLE_NS_ASSERTIONS = NO;
				ENABLE_STRICT_OBJC_MSGSEND = YES;
				GCC_C_LANGUAGE_STANDARD = gnu11;
				GCC_NO_COMMON_BLOCKS = YES;
				GCC_WARN_64_TO_32_BIT_CONVERSION = YES;
				GCC_WARN_ABOUT_RETURN_TYPE = YES_ERROR;
				GCC_WARN_UNDECLARED_SELECTOR = YES;
				GCC_WARN_UNINITIALIZED_AUTOS = YES_AGGRESSIVE;
				GCC_WARN_UNUSED_FUNCTION = YES;
				GCC_WARN_UNUSED_VARIABLE = YES;
				IPHONEOS_DEPLOYMENT_TARGET = 13.2;
				MTL_ENABLE_DEBUG_INFO = NO;
				MTL_FAST_MATH = YES;
				SDKROOT = iphoneos;
				SWIFT_COMPILATION_MODE = wholemodule;
				SWIFT_OPTIMIZATION_LEVEL = "-O";
				VALIDATE_PRODUCT = YES;
			};
			name = Release;
		};
		6E48D86D23D4DE6000A22720 /* Debug */ = {
			isa = XCBuildConfiguration;
			baseConfigurationReference = 6AB119C58F2FDDEA13309F4F /* Pods-SharesBrokeringClient.debug.xcconfig */;
			buildSettings = {
				ASSETCATALOG_COMPILER_APPICON_NAME = AppIcon;
				CODE_SIGN_STYLE = Automatic;
				INFOPLIST_FILE = SharesBrokeringClient/Info.plist;
				LD_RUNPATH_SEARCH_PATHS = (
					"$(inherited)",
					"@executable_path/Frameworks",
				);
				PRODUCT_BUNDLE_IDENTIFIER = sharers.brokering.SharesBrokeringClient;
				PRODUCT_NAME = "$(TARGET_NAME)";
				SWIFT_OBJC_BRIDGING_HEADER = "";
				SWIFT_VERSION = 5.0;
				TARGETED_DEVICE_FAMILY = "1,2";
			};
			name = Debug;
		};
		6E48D86E23D4DE6000A22720 /* Release */ = {
			isa = XCBuildConfiguration;
			baseConfigurationReference = 220B7B519E60535C07342766 /* Pods-SharesBrokeringClient.release.xcconfig */;
			buildSettings = {
				ASSETCATALOG_COMPILER_APPICON_NAME = AppIcon;
				CODE_SIGN_STYLE = Automatic;
				INFOPLIST_FILE = SharesBrokeringClient/Info.plist;
				LD_RUNPATH_SEARCH_PATHS = (
					"$(inherited)",
					"@executable_path/Frameworks",
				);
				PRODUCT_BUNDLE_IDENTIFIER = sharers.brokering.SharesBrokeringClient;
				PRODUCT_NAME = "$(TARGET_NAME)";
				SWIFT_OBJC_BRIDGING_HEADER = "";
				SWIFT_VERSION = 5.0;
				TARGETED_DEVICE_FAMILY = "1,2";
			};
			name = Release;
		};
		6E48D87023D4DE6000A22720 /* Debug */ = {
			isa = XCBuildConfiguration;
			baseConfigurationReference = EF68689007E9EC8B81411D76 /* Pods-SharesBrokeringClientTests.debug.xcconfig */;
			buildSettings = {
				ALWAYS_EMBED_SWIFT_STANDARD_LIBRARIES = YES;
				BUNDLE_LOADER = "$(TEST_HOST)";
				CODE_SIGN_STYLE = Automatic;
				INFOPLIST_FILE = SharesBrokeringClientTests/Info.plist;
				IPHONEOS_DEPLOYMENT_TARGET = 13.2;
				LD_RUNPATH_SEARCH_PATHS = (
					"$(inherited)",
					"@executable_path/Frameworks",
					"@loader_path/Frameworks",
				);
				PRODUCT_BUNDLE_IDENTIFIER = sharers.brokering.SharesBrokeringClientTests;
				PRODUCT_NAME = "$(TARGET_NAME)";
				SWIFT_VERSION = 5.0;
				TARGETED_DEVICE_FAMILY = "1,2";
				TEST_HOST = "$(BUILT_PRODUCTS_DIR)/SharesBrokeringClient.app/SharesBrokeringClient";
			};
			name = Debug;
		};
		6E48D87123D4DE6000A22720 /* Release */ = {
			isa = XCBuildConfiguration;
			baseConfigurationReference = B96C7F97ECA08DC425FA3F8B /* Pods-SharesBrokeringClientTests.release.xcconfig */;
			buildSettings = {
				ALWAYS_EMBED_SWIFT_STANDARD_LIBRARIES = YES;
				BUNDLE_LOADER = "$(TEST_HOST)";
				CODE_SIGN_STYLE = Automatic;
				INFOPLIST_FILE = SharesBrokeringClientTests/Info.plist;
				IPHONEOS_DEPLOYMENT_TARGET = 13.2;
				LD_RUNPATH_SEARCH_PATHS = (
					"$(inherited)",
					"@executable_path/Frameworks",
					"@loader_path/Frameworks",
				);
				PRODUCT_BUNDLE_IDENTIFIER = sharers.brokering.SharesBrokeringClientTests;
				PRODUCT_NAME = "$(TARGET_NAME)";
				SWIFT_VERSION = 5.0;
				TARGETED_DEVICE_FAMILY = "1,2";
				TEST_HOST = "$(BUILT_PRODUCTS_DIR)/SharesBrokeringClient.app/SharesBrokeringClient";
			};
			name = Release;
		};
		6E48D87323D4DE6000A22720 /* Debug */ = {
			isa = XCBuildConfiguration;
			baseConfigurationReference = A37A838838EBA0994B9D9E65 /* Pods-SharesBrokeringClient-SharesBrokeringClientUITests.debug.xcconfig */;
			buildSettings = {
				ALWAYS_EMBED_SWIFT_STANDARD_LIBRARIES = YES;
				CODE_SIGN_STYLE = Automatic;
				INFOPLIST_FILE = SharesBrokeringClientUITests/Info.plist;
				LD_RUNPATH_SEARCH_PATHS = (
					"$(inherited)",
					"@executable_path/Frameworks",
					"@loader_path/Frameworks",
				);
				PRODUCT_BUNDLE_IDENTIFIER = sharers.brokering.SharesBrokeringClientUITests;
				PRODUCT_NAME = "$(TARGET_NAME)";
				SWIFT_VERSION = 5.0;
				TARGETED_DEVICE_FAMILY = "1,2";
				TEST_TARGET_NAME = SharesBrokeringClient;
			};
			name = Debug;
		};
		6E48D87423D4DE6000A22720 /* Release */ = {
			isa = XCBuildConfiguration;
			baseConfigurationReference = 7F3C7804174694555D0B6C03 /* Pods-SharesBrokeringClient-SharesBrokeringClientUITests.release.xcconfig */;
			buildSettings = {
				ALWAYS_EMBED_SWIFT_STANDARD_LIBRARIES = YES;
				CODE_SIGN_STYLE = Automatic;
				INFOPLIST_FILE = SharesBrokeringClientUITests/Info.plist;
				LD_RUNPATH_SEARCH_PATHS = (
					"$(inherited)",
					"@executable_path/Frameworks",
					"@loader_path/Frameworks",
				);
				PRODUCT_BUNDLE_IDENTIFIER = sharers.brokering.SharesBrokeringClientUITests;
				PRODUCT_NAME = "$(TARGET_NAME)";
				SWIFT_VERSION = 5.0;
				TARGETED_DEVICE_FAMILY = "1,2";
				TEST_TARGET_NAME = SharesBrokeringClient;
			};
			name = Release;
		};
/* End XCBuildConfiguration section */

/* Begin XCConfigurationList section */
		6E48D83B23D4DE5E00A22720 /* Build configuration list for PBXProject "SharesBrokeringClient" */ = {
			isa = XCConfigurationList;
			buildConfigurations = (
				6E48D86A23D4DE6000A22720 /* Debug */,
				6E48D86B23D4DE6000A22720 /* Release */,
			);
			defaultConfigurationIsVisible = 0;
			defaultConfigurationName = Release;
		};
		6E48D86C23D4DE6000A22720 /* Build configuration list for PBXNativeTarget "SharesBrokeringClient" */ = {
			isa = XCConfigurationList;
			buildConfigurations = (
				6E48D86D23D4DE6000A22720 /* Debug */,
				6E48D86E23D4DE6000A22720 /* Release */,
			);
			defaultConfigurationIsVisible = 0;
			defaultConfigurationName = Release;
		};
		6E48D86F23D4DE6000A22720 /* Build configuration list for PBXNativeTarget "SharesBrokeringClientTests" */ = {
			isa = XCConfigurationList;
			buildConfigurations = (
				6E48D87023D4DE6000A22720 /* Debug */,
				6E48D87123D4DE6000A22720 /* Release */,
			);
			defaultConfigurationIsVisible = 0;
			defaultConfigurationName = Release;
		};
		6E48D87223D4DE6000A22720 /* Build configuration list for PBXNativeTarget "SharesBrokeringClientUITests" */ = {
			isa = XCConfigurationList;
			buildConfigurations = (
				6E48D87323D4DE6000A22720 /* Debug */,
				6E48D87423D4DE6000A22720 /* Release */,
			);
			defaultConfigurationIsVisible = 0;
			defaultConfigurationName = Release;
		};
/* End XCConfigurationList section */
	};
	rootObject = 6E48D83823D4DE5E00A22720 /* Project object */;
}
